<?xml version="1.0" encoding="utf-8"?>
<Project ToolsVersion="4.0" xmlns="http://schemas.microsoft.com/developer/msbuild/2003">
  <ItemGroup>
    <Filter Include="sqlite3">
      <UniqueIdentifier>{F0CA82CD-1533-3A48-AEAB-D6897F6DC498}</UniqueIdentifier>
    </Filter>
  </ItemGroup>
  <ItemGroup>
    <ClInclude Include="..\sqlite3\sqlite3.h">
      <Filter>sqlite3</Filter>
    </ClInclude>
  </ItemGroup>
  <ItemGroup>
    <ClCompile Include="..\sqlite3\sqlite3.c">
      <Filter>sqlite3</Filter>
    </ClCompile>
  </ItemGroup>
</Project>
